
Microsoft Visual Studio Solution File, Format Version 12.00
# Visual Studio 2015
Project("{FAE04EC0-301F-11D3-BF4B-00C04F79EFBC}") = "Gatinsky", "Gatinsky.csproj", "{567140EE-9334-208B-C039-F38D07EB621C}"
EndProject
Project("{FAE04EC0-301F-11D3-BF4B-00C04F79EFBC}") = "Gatinsky.Editor", "Gatinsky.Editor.csproj", "{B38FB3C6-13FC-F885-545E-1DD201C9FF37}"
EndProject
Global
	GlobalSection(SolutionConfigurationPlatforms) = preSolution
		Debug|Any CPU = Debug|Any CPU
		Release|Any CPU = Release|Any CPU
	EndGlobalSection
	GlobalSection(ProjectConfigurationPlatforms) = postSolution
		{567140EE-9334-208B-C039-F38D07EB621C}.Debug|Any CPU.ActiveCfg = Debug|Any CPU
		{567140EE-9334-208B-C039-F38D07EB621C}.Debug|Any CPU.Build.0 = Debug|Any CPU
		{567140EE-9334-208B-C039-F38D07EB621C}.Release|Any CPU.ActiveCfg = Release|Any CPU
		{567140EE-9334-208B-C039-F38D07EB621C}.Release|Any CPU.Build.0 = Release|Any CPU
		{B38FB3C6-13FC-F885-545E-1DD201C9FF37}.Debug|Any CPU.ActiveCfg = Debug|Any CPU
		{B38FB3C6-13FC-F885-545E-1DD201C9FF37}.Debug|Any CPU.Build.0 = Debug|Any CPU
		{B38FB3C6-13FC-F885-545E-1DD201C9FF37}.Release|Any CPU.ActiveCfg = Release|Any CPU
		{B38FB3C6-13FC-F885-545E-1DD201C9FF37}.Release|Any CPU.Build.0 = Release|Any CPU
	EndGlobalSection
	GlobalSection(SolutionProperties) = preSolution
		HideSolutionNode = FALSE
	EndGlobalSection
EndGlobal
