Microsoft Visual Studio Solution File, Format Version 11.00
# Visual Studio 2008

Project("{502BE501-84F0-BA0A-7425-6DF19D7B764B}") = "Gatinsky", "Assembly-CSharp.csproj", "{23C1FF8C-1953-7123-8B5F-A930E2EC8CC5}"
EndProject
Global
	GlobalSection(SolutionConfigurationPlatforms) = preSolution
		Debug|Any CPU = Debug|Any CPU
		Release|Any CPU = Release|Any CPU
	EndGlobalSection
	GlobalSection(ProjectConfigurationPlatforms) = postSolution
		{23C1FF8C-1953-7123-8B5F-A930E2EC8CC5}.Debug|Any CPU.ActiveCfg = Debug|Any CPU
		{23C1FF8C-1953-7123-8B5F-A930E2EC8CC5}.Debug|Any CPU.Build.0 = Debug|Any CPU
		{23C1FF8C-1953-7123-8B5F-A930E2EC8CC5}.Release|Any CPU.ActiveCfg = Release|Any CPU
		{23C1FF8C-1953-7123-8B5F-A930E2EC8CC5}.Release|Any CPU.Build.0 = Release|Any CPU
	EndGlobalSection
	GlobalSection(SolutionProperties) = preSolution
		HideSolutionNode = FALSE
	EndGlobalSection
	GlobalSection(MonoDevelopProperties) = preSolution
		StartupItem = Assembly-CSharp.csproj
	EndGlobalSection
EndGlobal
